
Microsoft Visual Studio Solution File, Format Version 12.00
# Visual Studio Version 17
VisualStudioVersion = 17.14.36301.6 d17.14
MinimumVisualStudioVersion = 10.0.40219.1
Project("{FAE04EC0-301F-11D3-BF4B-00C04F79EFBC}") = "FirstConsoleApp1", "FirstConsoleApp1\FirstConsoleApp1.csproj", "{573C701C-FC0B-4C9F-9BD6-72AFD355A5D7}"
EndProject
Global
	GlobalSection(SolutionConfigurationPlatforms) = preSolution
		Debug|Any CPU = Debug|Any CPU
		Release|Any CPU = Release|Any CPU
	EndGlobalSection
	GlobalSection(ProjectConfigurationPlatforms) = postSolution
		{573C701C-FC0B-4C9F-9BD6-72AFD355A5D7}.Debug|Any CPU.ActiveCfg = Debug|Any CPU
		{573C701C-FC0B-4C9F-9BD6-72AFD355A5D7}.Debug|Any CPU.Build.0 = Debug|Any CPU
		{573C701C-FC0B-4C9F-9BD6-72AFD355A5D7}.Release|Any CPU.ActiveCfg = Release|Any CPU
		{573C701C-FC0B-4C9F-9BD6-72AFD355A5D7}.Release|Any CPU.Build.0 = Release|Any CPU
	EndGlobalSection
	GlobalSection(SolutionProperties) = preSolution
		HideSolutionNode = FALSE
	EndGlobalSection
	GlobalSection(ExtensibilityGlobals) = postSolution
		SolutionGuid = {8DA7432E-6B61-414F-B709-91C0C9936EAE}
	EndGlobalSection
EndGlobal
